
Microsoft Visual Studio Solution File, Format Version 12.00
# Visual Studio Version 17
VisualStudioVersion = 17.11.35222.181
MinimumVisualStudioVersion = 10.0.40219.1
Project("{FAE04EC0-301F-11D3-BF4B-00C04F79EFBC}") = "Libray_Project", "Libray_Project\Libray_Project.csproj", "{DCD3D62C-3830-40B8-B625-18B5265E9BBC}"
EndProject
Global
	GlobalSection(SolutionConfigurationPlatforms) = preSolution
		Debug|Any CPU = Debug|Any CPU
		Release|Any CPU = Release|Any CPU
	EndGlobalSection
	GlobalSection(ProjectConfigurationPlatforms) = postSolution
		{DCD3D62C-3830-40B8-B625-18B5265E9BBC}.Debug|Any CPU.ActiveCfg = Debug|Any CPU
		{DCD3D62C-3830-40B8-B625-18B5265E9BBC}.Debug|Any CPU.Build.0 = Debug|Any CPU
		{DCD3D62C-3830-40B8-B625-18B5265E9BBC}.Release|Any CPU.ActiveCfg = Release|Any CPU
		{DCD3D62C-3830-40B8-B625-18B5265E9BBC}.Release|Any CPU.Build.0 = Release|Any CPU
	EndGlobalSection
	GlobalSection(SolutionProperties) = preSolution
		HideSolutionNode = FALSE
	EndGlobalSection
	GlobalSection(ExtensibilityGlobals) = postSolution
		SolutionGuid = {BF4853AF-8FCF-4A30-922E-699F5B898770}
	EndGlobalSection
EndGlobal
